// !$*UTF8*$!
{
	archiveVersion = 1;
	classes = {
	};
	objectVersion = 55;
	objects = {

/* Begin PBXBuildFile section */
		5B206D9427F29CF6006ABAE9 /* AppDelegate.swift in Sources */ = {isa = PBXBuildFile; fileRef = 5B206D9327F29CF6006ABAE9 /* AppDelegate.swift */; };
		5B206D9627F29CF6006ABAE9 /* SceneDelegate.swift in Sources */ = {isa = PBXBuildFile; fileRef = 5B206D9527F29CF6006ABAE9 /* SceneDelegate.swift */; };
		5B206D9B27F29CF6006ABAE9 /* Main.storyboard in Resources */ = {isa = PBXBuildFile; fileRef = 5B206D9927F29CF6006ABAE9 /* Main.storyboard */; };
		5B206D9D27F29CF8006ABAE9 /* Assets.xcassets in Resources */ = {isa = PBXBuildFile; fileRef = 5B206D9C27F29CF8006ABAE9 /* Assets.xcassets */; };
		5B206DA027F29CF8006ABAE9 /* LaunchScreen.storyboard in Resources */ = {isa = PBXBuildFile; fileRef = 5B206D9E27F29CF8006ABAE9 /* LaunchScreen.storyboard */; };
		5B206DA827F29E73006ABAE9 /* LoginViewController.swift in Sources */ = {isa = PBXBuildFile; fileRef = 5B206DA727F29E73006ABAE9 /* LoginViewController.swift */; };
		5B206DAA27F29E8A006ABAE9 /* HomeViewController.swift in Sources */ = {isa = PBXBuildFile; fileRef = 5B206DA927F29E8A006ABAE9 /* HomeViewController.swift */; };
		5B206DAC27F29E9D006ABAE9 /* ImageSelectViewController.swift in Sources */ = {isa = PBXBuildFile; fileRef = 5B206DAB27F29E9D006ABAE9 /* ImageSelectViewController.swift */; };
		5B206DAE27F29EAF006ABAE9 /* PostViewController.swift in Sources */ = {isa = PBXBuildFile; fileRef = 5B206DAD27F29EAF006ABAE9 /* PostViewController.swift */; };
		5B206DB027F29EC3006ABAE9 /* SettingViewController.swift in Sources */ = {isa = PBXBuildFile; fileRef = 5B206DAF27F29EC3006ABAE9 /* SettingViewController.swift */; };
		5B206DB227F2A768006ABAE9 /* TabBarController.swift in Sources */ = {isa = PBXBuildFile; fileRef = 5B206DB127F2A768006ABAE9 /* TabBarController.swift */; };
		5B206DBA27F7F145006ABAE9 /* GoogleService-Info.plist in Resources */ = {isa = PBXBuildFile; fileRef = 5B206DB927F7F145006ABAE9 /* GoogleService-Info.plist */; };
		CC99FEE4916425556674C130 /* Pods_Instagram.framework in Frameworks */ = {isa = PBXBuildFile; fileRef = E22AECDECB7764A16EC80A60 /* Pods_Instagram.framework */; };
/* End PBXBuildFile section */

/* Begin PBXFileReference section */
		1AD0DC82C6A0236FCB5A1CE7 /* Pods-Instagram.debug.xcconfig */ = {isa = PBXFileReference; includeInIndex = 1; lastKnownFileType = text.xcconfig; name = "Pods-Instagram.debug.xcconfig"; path = "Target Support Files/Pods-Instagram/Pods-Instagram.debug.xcconfig"; sourceTree = "<group>"; };
		5B206D9027F29CF6006ABAE9 /* Instagram.app */ = {isa = PBXFileReference; explicitFileType = wrapper.application; includeInIndex = 0; path = Instagram.app; sourceTree = BUILT_PRODUCTS_DIR; };
		5B206D9327F29CF6006ABAE9 /* AppDelegate.swift */ = {isa = PBXFileReference; lastKnownFileType = sourcecode.swift; path = AppDelegate.swift; sourceTree = "<group>"; };
		5B206D9527F29CF6006ABAE9 /* SceneDelegate.swift */ = {isa = PBXFileReference; lastKnownFileType = sourcecode.swift; path = SceneDelegate.swift; sourceTree = "<group>"; };
		5B206D9A27F29CF6006ABAE9 /* Base */ = {isa = PBXFileReference; lastKnownFileType = file.storyboard; name = Base; path = Base.lproj/Main.storyboard; sourceTree = "<group>"; };
		5B206D9C27F29CF8006ABAE9 /* Assets.xcassets */ = {isa = PBXFileReference; lastKnownFileType = folder.assetcatalog; path = Assets.xcassets; sourceTree = "<group>"; };
		5B206D9F27F29CF8006ABAE9 /* Base */ = {isa = PBXFileReference; lastKnownFileType = file.storyboard; name = Base; path = Base.lproj/LaunchScreen.storyboard; sourceTree = "<group>"; };
		5B206DA127F29CF8006ABAE9 /* Info.plist */ = {isa = PBXFileReference; lastKnownFileType = text.plist.xml; path = Info.plist; sourceTree = "<group>"; };
		5B206DA727F29E73006ABAE9 /* LoginViewController.swift */ = {isa = PBXFileReference; lastKnownFileType = sourcecode.swift; path = LoginViewController.swift; sourceTree = "<group>"; };
		5B206DA927F29E8A006ABAE9 /* HomeViewController.swift */ = {isa = PBXFileReference; lastKnownFileType = sourcecode.swift; path = HomeViewController.swift; sourceTree = "<group>"; };
		5B206DAB27F29E9D006ABAE9 /* ImageSelectViewController.swift */ = {isa = PBXFileReference; lastKnownFileType = sourcecode.swift; path = ImageSelectViewController.swift; sourceTree = "<group>"; };
		5B206DAD27F29EAF006ABAE9 /* PostViewController.swift */ = {isa = PBXFileReference; lastKnownFileType = sourcecode.swift; path = PostViewController.swift; sourceTree = "<group>"; };
		5B206DAF27F29EC3006ABAE9 /* SettingViewController.swift */ = {isa = PBXFileReference; lastKnownFileType = sourcecode.swift; path = SettingViewController.swift; sourceTree = "<group>"; };
		5B206DB127F2A768006ABAE9 /* TabBarController.swift */ = {isa = PBXFileReference; lastKnownFileType = sourcecode.swift; path = TabBarController.swift; sourceTree = "<group>"; };
		5B206DB927F7F145006ABAE9 /* GoogleService-Info.plist */ = {isa = PBXFileReference; fileEncoding = 4; lastKnownFileType = text.plist.xml; path = "GoogleService-Info.plist"; sourceTree = "<group>"; };
		9C6BAD3780AB5577607710BA /* Pods-Instagram.release.xcconfig */ = {isa = PBXFileReference; includeInIndex = 1; lastKnownFileType = text.xcconfig; name = "Pods-Instagram.release.xcconfig"; path = "Target Support Files/Pods-Instagram/Pods-Instagram.release.xcconfig"; sourceTree = "<group>"; };
		E22AECDECB7764A16EC80A60 /* Pods_Instagram.framework */ = {isa = PBXFileReference; explicitFileType = wrapper.framework; includeInIndex = 0; path = Pods_Instagram.framework; sourceTree = BUILT_PRODUCTS_DIR; };
/* End PBXFileReference section */

/* Begin PBXFrameworksBuildPhase section */
		5B206D8D27F29CF6006ABAE9 /* Frameworks */ = {
			isa = PBXFrameworksBuildPhase;
			buildActionMask = 2147483647;
			files = (
				CC99FEE4916425556674C130 /* Pods_Instagram.framework in Frameworks */,
			);
			runOnlyForDeploymentPostprocessing = 0;
		};
/* End PBXFrameworksBuildPhase section */

/* Begin PBXGroup section */
		5B206D8727F29CF6006ABAE9 = {
			isa = PBXGroup;
			children = (
				5B206D9227F29CF6006ABAE9 /* Instagram */,
				5B206D9127F29CF6006ABAE9 /* Products */,
				DB29F9EF4D2A29C93E26FF1B /* Pods */,
				E2FF759FD97EA867D839B18E /* Frameworks */,
			);
			sourceTree = "<group>";
		};
		5B206D9127F29CF6006ABAE9 /* Products */ = {
			isa = PBXGroup;
			children = (
				5B206D9027F29CF6006ABAE9 /* Instagram.app */,
			);
			name = Products;
			sourceTree = "<group>";
		};
		5B206D9227F29CF6006ABAE9 /* Instagram */ = {
			isa = PBXGroup;
			children = (
				5B206D9327F29CF6006ABAE9 /* AppDelegate.swift */,
				5B206D9527F29CF6006ABAE9 /* SceneDelegate.swift */,
				5B206DA727F29E73006ABAE9 /* LoginViewController.swift */,
				5B206DA927F29E8A006ABAE9 /* HomeViewController.swift */,
				5B206DAB27F29E9D006ABAE9 /* ImageSelectViewController.swift */,
				5B206DAD27F29EAF006ABAE9 /* PostViewController.swift */,
				5B206DAF27F29EC3006ABAE9 /* SettingViewController.swift */,
				5B206DB127F2A768006ABAE9 /* TabBarController.swift */,
				5B206D9927F29CF6006ABAE9 /* Main.storyboard */,
				5B206D9C27F29CF8006ABAE9 /* Assets.xcassets */,
				5B206D9E27F29CF8006ABAE9 /* LaunchScreen.storyboard */,
				5B206DA127F29CF8006ABAE9 /* Info.plist */,
				5B206DB927F7F145006ABAE9 /* GoogleService-Info.plist */,
			);
			path = Instagram;
			sourceTree = "<group>";
		};
		DB29F9EF4D2A29C93E26FF1B /* Pods */ = {
			isa = PBXGroup;
			children = (
				1AD0DC82C6A0236FCB5A1CE7 /* Pods-Instagram.debug.xcconfig */,
				9C6BAD3780AB5577607710BA /* Pods-Instagram.release.xcconfig */,
			);
			name = Pods;
			path = Pods;
			sourceTree = "<group>";
		};
		E2FF759FD97EA867D839B18E /* Frameworks */ = {
			isa = PBXGroup;
			children = (
				E22AECDECB7764A16EC80A60 /* Pods_Instagram.framework */,
			);
			name = Frameworks;
			sourceTree = "<group>";
		};
/* End PBXGroup section */

/* Begin PBXNativeTarget section */
		5B206D8F27F29CF6006ABAE9 /* Instagram */ = {
			isa = PBXNativeTarget;
			buildConfigurationList = 5B206DA427F29CF8006ABAE9 /* Build configuration list for PBXNativeTarget "Instagram" */;
			buildPhases = (
				1048D9664F8211EA8BA111D3 /* [CP] Check Pods Manifest.lock */,
				5B206D8C27F29CF6006ABAE9 /* Sources */,
				5B206D8D27F29CF6006ABAE9 /* Frameworks */,
				5B206D8E27F29CF6006ABAE9 /* Resources */,
				F588C2DE2A137AE98703A01E /* [CP] Embed Pods Frameworks */,
			);
			buildRules = (
			);
			dependencies = (
			);
			name = Instagram;
			productName = Instagram;
			productReference = 5B206D9027F29CF6006ABAE9 /* Instagram.app */;
			productType = "com.apple.product-type.application";
		};
/* End PBXNativeTarget section */

/* Begin PBXProject section */
		5B206D8827F29CF6006ABAE9 /* Project object */ = {
			isa = PBXProject;
			attributes = {
				BuildIndependentTargetsInParallel = 1;
				LastSwiftUpdateCheck = 1310;
				LastUpgradeCheck = 1310;
				TargetAttributes = {
					5B206D8F27F29CF6006ABAE9 = {
						CreatedOnToolsVersion = 13.1;
					};
				};
			};
			buildConfigurationList = 5B206D8B27F29CF6006ABAE9 /* Build configuration list for PBXProject "Instagram" */;
			compatibilityVersion = "Xcode 13.0";
			developmentRegion = en;
			hasScannedForEncodings = 0;
			knownRegions = (
				en,
				Base,
			);
			mainGroup = 5B206D8727F29CF6006ABAE9;
			productRefGroup = 5B206D9127F29CF6006ABAE9 /* Products */;
			projectDirPath = "";
			projectRoot = "";
			targets = (
				5B206D8F27F29CF6006ABAE9 /* Instagram */,
			);
		};
/* End PBXProject section */

/* Begin PBXResourcesBuildPhase section */
		5B206D8E27F29CF6006ABAE9 /* Resources */ = {
			isa = PBXResourcesBuildPhase;
			buildActionMask = 2147483647;
			files = (
				5B206DA027F29CF8006ABAE9 /* LaunchScreen.storyboard in Resources */,
				5B206DBA27F7F145006ABAE9 /* GoogleService-Info.plist in Resources */,
				5B206D9D27F29CF8006ABAE9 /* Assets.xcassets in Resources */,
				5B206D9B27F29CF6006ABAE9 /* Main.storyboard in Resources */,
			);
			runOnlyForDeploymentPostprocessing = 0;
		};
/* End PBXResourcesBuildPhase section */

/* Begin PBXShellScriptBuildPhase section */
		1048D9664F8211EA8BA111D3 /* [CP] Check Pods Manifest.lock */ = {
			isa = PBXShellScriptBuildPhase;
			buildActionMask = 2147483647;
			files = (
			);
			inputFileListPaths = (
			);
			inputPaths = (
				"${PODS_PODFILE_DIR_PATH}/Podfile.lock",
				"${PODS_ROOT}/Manifest.lock",
			);
			name = "[CP] Check Pods Manifest.lock";
			outputFileListPaths = (
			);
			outputPaths = (
				"$(DERIVED_FILE_DIR)/Pods-Instagram-checkManifestLockResult.txt",
			);
			runOnlyForDeploymentPostprocessing = 0;
			shellPath = /bin/sh;
			shellScript = "diff \"${PODS_PODFILE_DIR_PATH}/Podfile.lock\" \"${PODS_ROOT}/Manifest.lock\" > /dev/null\nif [ $? != 0 ] ; then\n    # print error to STDERR\n    echo \"error: The sandbox is not in sync with the Podfile.lock. Run 'pod install' or update your CocoaPods installation.\" >&2\n    exit 1\nfi\n# This output is used by Xcode 'outputs' to avoid re-running this script phase.\necho \"SUCCESS\" > \"${SCRIPT_OUTPUT_FILE_0}\"\n";
			showEnvVarsInLog = 0;
		};
		F588C2DE2A137AE98703A01E /* [CP] Embed Pods Frameworks */ = {
			isa = PBXShellScriptBuildPhase;
			buildActionMask = 2147483647;
			files = (
			);
			inputFileListPaths = (
				"${PODS_ROOT}/Target Support Files/Pods-Instagram/Pods-Instagram-frameworks-${CONFIGURATION}-input-files.xcfilelist",
			);
			name = "[CP] Embed Pods Frameworks";
			outputFileListPaths = (
				"${PODS_ROOT}/Target Support Files/Pods-Instagram/Pods-Instagram-frameworks-${CONFIGURATION}-output-files.xcfilelist",
			);
			runOnlyForDeploymentPostprocessing = 0;
			shellPath = /bin/sh;
			shellScript = "\"${PODS_ROOT}/Target Support Files/Pods-Instagram/Pods-Instagram-frameworks.sh\"\n";
			showEnvVarsInLog = 0;
		};
/* End PBXShellScriptBuildPhase section */

/* Begin PBXSourcesBuildPhase section */
		5B206D8C27F29CF6006ABAE9 /* Sources */ = {
			isa = PBXSourcesBuildPhase;
			buildActionMask = 2147483647;
			files = (
				5B206DAC27F29E9D006ABAE9 /* ImageSelectViewController.swift in Sources */,
				5B206DB227F2A768006ABAE9 /* TabBarController.swift in Sources */,
				5B206DAA27F29E8A006ABAE9 /* HomeViewController.swift in Sources */,
				5B206DAE27F29EAF006ABAE9 /* PostViewController.swift in Sources */,
				5B206DB027F29EC3006ABAE9 /* SettingViewController.swift in Sources */,
				5B206DA827F29E73006ABAE9 /* LoginViewController.swift in Sources */,
				5B206D9427F29CF6006ABAE9 /* AppDelegate.swift in Sources */,
				5B206D9627F29CF6006ABAE9 /* SceneDelegate.swift in Sources */,
			);
			runOnlyForDeploymentPostprocessing = 0;
		};
/* End PBXSourcesBuildPhase section */

/* Begin PBXVariantGroup section */
		5B206D9927F29CF6006ABAE9 /* Main.storyboard */ = {
			isa = PBXVariantGroup;
			children = (
				5B206D9A27F29CF6006ABAE9 /* Base */,
			);
			name = Main.storyboard;
			sourceTree = "<group>";
		};
		5B206D9E27F29CF8006ABAE9 /* LaunchScreen.storyboard */ = {
			isa = PBXVariantGroup;
			children = (
				5B206D9F27F29CF8006ABAE9 /* Base */,
			);
			name = LaunchScreen.storyboard;
			sourceTree = "<group>";
		};
/* End PBXVariantGroup section */

/* Begin XCBuildConfiguration section */
		5B206DA227F29CF8006ABAE9 /* Debug */ = {
			isa = XCBuildConfiguration;
			buildSettings = {
				ALWAYS_SEARCH_USER_PATHS = NO;
				CLANG_ANALYZER_NONNULL = YES;
				CLANG_ANALYZER_NUMBER_OBJECT_CONVERSION = YES_AGGRESSIVE;
				CLANG_CXX_LANGUAGE_STANDARD = "gnu++17";
				CLANG_CXX_LIBRARY = "libc++";
				CLANG_ENABLE_MODULES = YES;
				CLANG_ENABLE_OBJC_ARC = YES;
				CLANG_ENABLE_OBJC_WEAK = YES;
				CLANG_WARN_BLOCK_CAPTURE_AUTORELEASING = YES;
				CLANG_WARN_BOOL_CONVERSION = YES;
				CLANG_WARN_COMMA = YES;
				CLANG_WARN_CONSTANT_CONVERSION = YES;
				CLANG_WARN_DEPRECATED_OBJC_IMPLEMENTATIONS = YES;
				CLANG_WARN_DIRECT_OBJC_ISA_USAGE = YES_ERROR;
				CLANG_WARN_DOCUMENTATION_COMMENTS = YES;
				CLANG_WARN_EMPTY_BODY = YES;
				CLANG_WARN_ENUM_CONVERSION = YES;
				CLANG_WARN_INFINITE_RECURSION = YES;
				CLANG_WARN_INT_CONVERSION = YES;
				CLANG_WARN_NON_LITERAL_NULL_CONVERSION = YES;
				CLANG_WARN_OBJC_IMPLICIT_RETAIN_SELF = YES;
				CLANG_WARN_OBJC_LITERAL_CONVERSION = YES;
				CLANG_WARN_OBJC_ROOT_CLASS = YES_ERROR;
				CLANG_WARN_QUOTED_INCLUDE_IN_FRAMEWORK_HEADER = YES;
				CLANG_WARN_RANGE_LOOP_ANALYSIS = YES;
				CLANG_WARN_STRICT_PROTOTYPES = YES;
				CLANG_WARN_SUSPICIOUS_MOVE = YES;
				CLANG_WARN_UNGUARDED_AVAILABILITY = YES_AGGRESSIVE;
				CLANG_WARN_UNREACHABLE_CODE = YES;
				CLANG_WARN__DUPLICATE_METHOD_MATCH = YES;
				COPY_PHASE_STRIP = NO;
				DEBUG_INFORMATION_FORMAT = dwarf;
				ENABLE_STRICT_OBJC_MSGSEND = YES;
				ENABLE_TESTABILITY = YES;
				GCC_C_LANGUAGE_STANDARD = gnu11;
				GCC_DYNAMIC_NO_PIC = NO;
				GCC_NO_COMMON_BLOCKS = YES;
				GCC_OPTIMIZATION_LEVEL = 0;
				GCC_PREPROCESSOR_DEFINITIONS = (
					"DEBUG=1",
					"$(inherited)",
				);
				GCC_WARN_64_TO_32_BIT_CONVERSION = YES;
				GCC_WARN_ABOUT_RETURN_TYPE = YES_ERROR;
				GCC_WARN_UNDECLARED_SELECTOR = YES;
				GCC_WARN_UNINITIALIZED_AUTOS = YES_AGGRESSIVE;
				GCC_WARN_UNUSED_FUNCTION = YES;
				GCC_WARN_UNUSED_VARIABLE = YES;
				IPHONEOS_DEPLOYMENT_TARGET = 15.0;
				MTL_ENABLE_DEBUG_INFO = INCLUDE_SOURCE;
				MTL_FAST_MATH = YES;
				ONLY_ACTIVE_ARCH = YES;
				SDKROOT = iphoneos;
				SWIFT_ACTIVE_COMPILATION_CONDITIONS = DEBUG;
				SWIFT_OPTIMIZATION_LEVEL = "-Onone";
			};
			name = Debug;
		};
		5B206DA327F29CF8006ABAE9 /* Release */ = {
			isa = XCBuildConfiguration;
			buildSettings = {
				ALWAYS_SEARCH_USER_PATHS = NO;
				CLANG_ANALYZER_NONNULL = YES;
				CLANG_ANALYZER_NUMBER_OBJECT_CONVERSION = YES_AGGRESSIVE;
				CLANG_CXX_LANGUAGE_STANDARD = "gnu++17";
				CLANG_CXX_LIBRARY = "libc++";
				CLANG_ENABLE_MODULES = YES;
				CLANG_ENABLE_OBJC_ARC = YES;
				CLANG_ENABLE_OBJC_WEAK = YES;
				CLANG_WARN_BLOCK_CAPTURE_AUTORELEASING = YES;
				CLANG_WARN_BOOL_CONVERSION = YES;
				CLANG_WARN_COMMA = YES;
				CLANG_WARN_CONSTANT_CONVERSION = YES;
				CLANG_WARN_DEPRECATED_OBJC_IMPLEMENTATIONS = YES;
				CLANG_WARN_DIRECT_OBJC_ISA_USAGE = YES_ERROR;
				CLANG_WARN_DOCUMENTATION_COMMENTS = YES;
				CLANG_WARN_EMPTY_BODY = YES;
				CLANG_WARN_ENUM_CONVERSION = YES;
				CLANG_WARN_INFINITE_RECURSION = YES;
				CLANG_WARN_INT_CONVERSION = YES;
				CLANG_WARN_NON_LITERAL_NULL_CONVERSION = YES;
				CLANG_WARN_OBJC_IMPLICIT_RETAIN_SELF = YES;
				CLANG_WARN_OBJC_LITERAL_CONVERSION = YES;
				CLANG_WARN_OBJC_ROOT_CLASS = YES_ERROR;
				CLANG_WARN_QUOTED_INCLUDE_IN_FRAMEWORK_HEADER = YES;
				CLANG_WARN_RANGE_LOOP_ANALYSIS = YES;
				CLANG_WARN_STRICT_PROTOTYPES = YES;
				CLANG_WARN_SUSPICIOUS_MOVE = YES;
				CLANG_WARN_UNGUARDED_AVAILABILITY = YES_AGGRESSIVE;
				CLANG_WARN_UNREACHABLE_CODE = YES;
				CLANG_WARN__DUPLICATE_METHOD_MATCH = YES;
				COPY_PHASE_STRIP = NO;
				DEBUG_INFORMATION_FORMAT = "dwarf-with-dsym";
				ENABLE_NS_ASSERTIONS = NO;
				ENABLE_STRICT_OBJC_MSGSEND = YES;
				GCC_C_LANGUAGE_STANDARD = gnu11;
				GCC_NO_COMMON_BLOCKS = YES;
				GCC_WARN_64_TO_32_BIT_CONVERSION = YES;
				GCC_WARN_ABOUT_RETURN_TYPE = YES_ERROR;
				GCC_WARN_UNDECLARED_SELECTOR = YES;
				GCC_WARN_UNINITIALIZED_AUTOS = YES_AGGRESSIVE;
				GCC_WARN_UNUSED_FUNCTION = YES;
				GCC_WARN_UNUSED_VARIABLE = YES;
				IPHONEOS_DEPLOYMENT_TARGET = 15.0;
				MTL_ENABLE_DEBUG_INFO = NO;
				MTL_FAST_MATH = YES;
				SDKROOT = iphoneos;
				SWIFT_COMPILATION_MODE = wholemodule;
				SWIFT_OPTIMIZATION_LEVEL = "-O";
				VALIDATE_PRODUCT = YES;
			};
			name = Release;
		};
		5B206DA527F29CF8006ABAE9 /* Debug */ = {
			isa = XCBuildConfiguration;
			baseConfigurationReference = 1AD0DC82C6A0236FCB5A1CE7 /* Pods-Instagram.debug.xcconfig */;
			buildSettings = {
				ASSETCATALOG_COMPILER_APPICON_NAME = AppIcon;
				ASSETCATALOG_COMPILER_GLOBAL_ACCENT_COLOR_NAME = AccentColor;
				CODE_SIGN_STYLE = Automatic;
				CURRENT_PROJECT_VERSION = 1;
				DEVELOPMENT_TEAM = TKHKX7W4SU;
				GENERATE_INFOPLIST_FILE = YES;
				INFOPLIST_FILE = Instagram/Info.plist;
				INFOPLIST_KEY_UIApplicationSupportsIndirectInputEvents = YES;
				INFOPLIST_KEY_UILaunchStoryboardName = LaunchScreen;
				INFOPLIST_KEY_UIMainStoryboardFile = Main;
				INFOPLIST_KEY_UISupportedInterfaceOrientations_iPad = "UIInterfaceOrientationPortrait UIInterfaceOrientationPortraitUpsideDown UIInterfaceOrientationLandscapeLeft UIInterfaceOrientationLandscapeRight";
				INFOPLIST_KEY_UISupportedInterfaceOrientations_iPhone = UIInterfaceOrientationPortrait;
				LD_RUNPATH_SEARCH_PATHS = (
					"$(inherited)",
					"@executable_path/Frameworks",
				);
				MARKETING_VERSION = 1.0;
				PRODUCT_BUNDLE_IDENTIFIER = jp.techacademy.misaki.kinjou.Instagram;
				PRODUCT_NAME = "$(TARGET_NAME)";
				SWIFT_EMIT_LOC_STRINGS = YES;
				SWIFT_VERSION = 5.0;
				TARGETED_DEVICE_FAMILY = 1;
			};
			name = Debug;
		};
		5B206DA627F29CF8006ABAE9 /* Release */ = {
			isa = XCBuildConfiguration;
			baseConfigurationReference = 9C6BAD3780AB5577607710BA /* Pods-Instagram.release.xcconfig */;
			buildSettings = {
				ASSETCATALOG_COMPILER_APPICON_NAME = AppIcon;
				ASSETCATALOG_COMPILER_GLOBAL_ACCENT_COLOR_NAME = AccentColor;
				CODE_SIGN_STYLE = Automatic;
				CURRENT_PROJECT_VERSION = 1;
				DEVELOPMENT_TEAM = TKHKX7W4SU;
				GENERATE_INFOPLIST_FILE = YES;
				INFOPLIST_FILE = Instagram/Info.plist;
				INFOPLIST_KEY_UIApplicationSupportsIndirectInputEvents = YES;
				INFOPLIST_KEY_UILaunchStoryboardName = LaunchScreen;
				INFOPLIST_KEY_UIMainStoryboardFile = Main;
				INFOPLIST_KEY_UISupportedInterfaceOrientations_iPad = "UIInterfaceOrientationPortrait UIInterfaceOrientationPortraitUpsideDown UIInterfaceOrientationLandscapeLeft UIInterfaceOrientationLandscapeRight";
				INFOPLIST_KEY_UISupportedInterfaceOrientations_iPhone = UIInterfaceOrientationPortrait;
				LD_RUNPATH_SEARCH_PATHS = (
					"$(inherited)",
					"@executable_path/Frameworks",
				);
				MARKETING_VERSION = 1.0;
				PRODUCT_BUNDLE_IDENTIFIER = jp.techacademy.misaki.kinjou.Instagram;
				PRODUCT_NAME = "$(TARGET_NAME)";
				SWIFT_EMIT_LOC_STRINGS = YES;
				SWIFT_VERSION = 5.0;
				TARGETED_DEVICE_FAMILY = 1;
			};
			name = Release;
		};
/* End XCBuildConfiguration section */

/* Begin XCConfigurationList section */
		5B206D8B27F29CF6006ABAE9 /* Build configuration list for PBXProject "Instagram" */ = {
			isa = XCConfigurationList;
			buildConfigurations = (
				5B206DA227F29CF8006ABAE9 /* Debug */,
				5B206DA327F29CF8006ABAE9 /* Release */,
			);
			defaultConfigurationIsVisible = 0;
			defaultConfigurationName = Release;
		};
		5B206DA427F29CF8006ABAE9 /* Build configuration list for PBXNativeTarget "Instagram" */ = {
			isa = XCConfigurationList;
			buildConfigurations = (
				5B206DA527F29CF8006ABAE9 /* Debug */,
				5B206DA627F29CF8006ABAE9 /* Release */,
			);
			defaultConfigurationIsVisible = 0;
			defaultConfigurationName = Release;
		};
/* End XCConfigurationList section */
	};
	rootObject = 5B206D8827F29CF6006ABAE9 /* Project object */;
}
